<Solution>
  <Project Path="AI-Marketplace.Api/AI-Marketplace.WebAPI.csproj" />
  <Project Path="AI-Marketplace.Application/AI-Marketplace.Application.csproj" />
  <Project Path="AI-Marketplace.Domain/AI-Marketplace.Domain.csproj" />
  <Project Path="AI-Marketplace.Infrastructure/AI-Marketplace.Infrastructure.csproj" />
</Solution>
